// !$*UTF8*$!
{
	archiveVersion = 1;
	classes = {
	};
	objectVersion = 46;
	objects = {

/* Begin PBXBuildFile section */
		4D349B0A19547A5E00203B35 /* Foundation.framework in Frameworks */ = {isa = PBXBuildFile; fileRef = 4D349B0919547A5E00203B35 /* Foundation.framework */; };
		4D349B0C19547A5E00203B35 /* CoreGraphics.framework in Frameworks */ = {isa = PBXBuildFile; fileRef = 4D349B0B19547A5E00203B35 /* CoreGraphics.framework */; };
		4D349B0E19547A5E00203B35 /* UIKit.framework in Frameworks */ = {isa = PBXBuildFile; fileRef = 4D349B0D19547A5E00203B35 /* UIKit.framework */; };
		4D349B1419547A5E00203B35 /* InfoPlist.strings in Resources */ = {isa = PBXBuildFile; fileRef = 4D349B1219547A5E00203B35 /* InfoPlist.strings */; };
		4D349B1619547A5E00203B35 /* main.m in Sources */ = {isa = PBXBuildFile; fileRef = 4D349B1519547A5E00203B35 /* main.m */; };
		4D349B1A19547A5E00203B35 /* DBJAppDelegate.m in Sources */ = {isa = PBXBuildFile; fileRef = 4D349B1919547A5E00203B35 /* DBJAppDelegate.m */; };
		4D349B1D19547A5E00203B35 /* Main.storyboard in Resources */ = {isa = PBXBuildFile; fileRef = 4D349B1B19547A5E00203B35 /* Main.storyboard */; };
		4D349B2019547A5E00203B35 /* DBJViewController.m in Sources */ = {isa = PBXBuildFile; fileRef = 4D349B1F19547A5E00203B35 /* DBJViewController.m */; };
		4D349B2219547A5E00203B35 /* Images.xcassets in Resources */ = {isa = PBXBuildFile; fileRef = 4D349B2119547A5E00203B35 /* Images.xcassets */; };
		4D349B2919547A5E00203B35 /* XCTest.framework in Frameworks */ = {isa = PBXBuildFile; fileRef = 4D349B2819547A5E00203B35 /* XCTest.framework */; };
		4D349B2A19547A5E00203B35 /* Foundation.framework in Frameworks */ = {isa = PBXBuildFile; fileRef = 4D349B0919547A5E00203B35 /* Foundation.framework */; };
		4D349B2B19547A5E00203B35 /* UIKit.framework in Frameworks */ = {isa = PBXBuildFile; fileRef = 4D349B0D19547A5E00203B35 /* UIKit.framework */; };
		4D349B3319547A5E00203B35 /* InfoPlist.strings in Resources */ = {isa = PBXBuildFile; fileRef = 4D349B3119547A5E00203B35 /* InfoPlist.strings */; };
		4D349B3519547A5E00203B35 /* Astronomical_DataTests.m in Sources */ = {isa = PBXBuildFile; fileRef = 4D349B3419547A5E00203B35 /* Astronomical_DataTests.m */; };
/* End PBXBuildFile section */

/* Begin PBXContainerItemProxy section */
		4D349B2C19547A5E00203B35 /* PBXContainerItemProxy */ = {
			isa = PBXContainerItemProxy;
			containerPortal = 4D349AFE19547A5E00203B35 /* Project object */;
			proxyType = 1;
			remoteGlobalIDString = 4D349B0519547A5E00203B35;
			remoteInfo = "Astronomical Data";
		};
/* End PBXContainerItemProxy section */

/* Begin PBXFileReference section */
		4D349B0619547A5E00203B35 /* Astronomical Data.app */ = {isa = PBXFileReference; explicitFileType = wrapper.application; includeInIndex = 0; path = "Astronomical Data.app"; sourceTree = BUILT_PRODUCTS_DIR; };
		4D349B0919547A5E00203B35 /* Foundation.framework */ = {isa = PBXFileReference; lastKnownFileType = wrapper.framework; name = Foundation.framework; path = System/Library/Frameworks/Foundation.framework; sourceTree = SDKROOT; };
		4D349B0B19547A5E00203B35 /* CoreGraphics.framework */ = {isa = PBXFileReference; lastKnownFileType = wrapper.framework; name = CoreGraphics.framework; path = System/Library/Frameworks/CoreGraphics.framework; sourceTree = SDKROOT; };
		4D349B0D19547A5E00203B35 /* UIKit.framework */ = {isa = PBXFileReference; lastKnownFileType = wrapper.framework; name = UIKit.framework; path = System/Library/Frameworks/UIKit.framework; sourceTree = SDKROOT; };
		4D349B1119547A5E00203B35 /* Astronomical Data-Info.plist */ = {isa = PBXFileReference; lastKnownFileType = text.plist.xml; path = "Astronomical Data-Info.plist"; sourceTree = "<group>"; };
		4D349B1319547A5E00203B35 /* en */ = {isa = PBXFileReference; lastKnownFileType = text.plist.strings; name = en; path = en.lproj/InfoPlist.strings; sourceTree = "<group>"; };
		4D349B1519547A5E00203B35 /* main.m */ = {isa = PBXFileReference; lastKnownFileType = sourcecode.c.objc; path = main.m; sourceTree = "<group>"; };
		4D349B1719547A5E00203B35 /* Astronomical Data-Prefix.pch */ = {isa = PBXFileReference; lastKnownFileType = sourcecode.c.h; path = "Astronomical Data-Prefix.pch"; sourceTree = "<group>"; };
		4D349B1819547A5E00203B35 /* DBJAppDelegate.h */ = {isa = PBXFileReference; lastKnownFileType = sourcecode.c.h; path = DBJAppDelegate.h; sourceTree = "<group>"; };
		4D349B1919547A5E00203B35 /* DBJAppDelegate.m */ = {isa = PBXFileReference; lastKnownFileType = sourcecode.c.objc; path = DBJAppDelegate.m; sourceTree = "<group>"; };
		4D349B1C19547A5E00203B35 /* Base */ = {isa = PBXFileReference; lastKnownFileType = file.storyboard; name = Base; path = Base.lproj/Main.storyboard; sourceTree = "<group>"; };
		4D349B1E19547A5E00203B35 /* DBJViewController.h */ = {isa = PBXFileReference; lastKnownFileType = sourcecode.c.h; path = DBJViewController.h; sourceTree = "<group>"; };
		4D349B1F19547A5E00203B35 /* DBJViewController.m */ = {isa = PBXFileReference; lastKnownFileType = sourcecode.c.objc; path = DBJViewController.m; sourceTree = "<group>"; };
		4D349B2119547A5E00203B35 /* Images.xcassets */ = {isa = PBXFileReference; lastKnownFileType = folder.assetcatalog; path = Images.xcassets; sourceTree = "<group>"; };
		4D349B2719547A5E00203B35 /* Astronomical DataTests.xctest */ = {isa = PBXFileReference; explicitFileType = wrapper.cfbundle; includeInIndex = 0; path = "Astronomical DataTests.xctest"; sourceTree = BUILT_PRODUCTS_DIR; };
		4D349B2819547A5E00203B35 /* XCTest.framework */ = {isa = PBXFileReference; lastKnownFileType = wrapper.framework; name = XCTest.framework; path = Library/Frameworks/XCTest.framework; sourceTree = DEVELOPER_DIR; };
		4D349B3019547A5E00203B35 /* Astronomical DataTests-Info.plist */ = {isa = PBXFileReference; lastKnownFileType = text.plist.xml; path = "Astronomical DataTests-Info.plist"; sourceTree = "<group>"; };
		4D349B3219547A5E00203B35 /* en */ = {isa = PBXFileReference; lastKnownFileType = text.plist.strings; name = en; path = en.lproj/InfoPlist.strings; sourceTree = "<group>"; };
		4D349B3419547A5E00203B35 /* Astronomical_DataTests.m */ = {isa = PBXFileReference; lastKnownFileType = sourcecode.c.objc; path = Astronomical_DataTests.m; sourceTree = "<group>"; };
/* End PBXFileReference section */

/* Begin PBXFrameworksBuildPhase section */
		4D349B0319547A5E00203B35 /* Frameworks */ = {
			isa = PBXFrameworksBuildPhase;
			buildActionMask = 2147483647;
			files = (
				4D349B0C19547A5E00203B35 /* CoreGraphics.framework in Frameworks */,
				4D349B0E19547A5E00203B35 /* UIKit.framework in Frameworks */,
				4D349B0A19547A5E00203B35 /* Foundation.framework in Frameworks */,
			);
			runOnlyForDeploymentPostprocessing = 0;
		};
		4D349B2419547A5E00203B35 /* Frameworks */ = {
			isa = PBXFrameworksBuildPhase;
			buildActionMask = 2147483647;
			files = (
				4D349B2919547A5E00203B35 /* XCTest.framework in Frameworks */,
				4D349B2B19547A5E00203B35 /* UIKit.framework in Frameworks */,
				4D349B2A19547A5E00203B35 /* Foundation.framework in Frameworks */,
			);
			runOnlyForDeploymentPostprocessing = 0;
		};
/* End PBXFrameworksBuildPhase section */

/* Begin PBXGroup section */
		4D349AFD19547A5E00203B35 = {
			isa = PBXGroup;
			children = (
				4D349B0F19547A5E00203B35 /* Astronomical Data */,
				4D349B2E19547A5E00203B35 /* Astronomical DataTests */,
				4D349B0819547A5E00203B35 /* Frameworks */,
				4D349B0719547A5E00203B35 /* Products */,
			);
			sourceTree = "<group>";
		};
		4D349B0719547A5E00203B35 /* Products */ = {
			isa = PBXGroup;
			children = (
				4D349B0619547A5E00203B35 /* Astronomical Data.app */,
				4D349B2719547A5E00203B35 /* Astronomical DataTests.xctest */,
			);
			name = Products;
			sourceTree = "<group>";
		};
		4D349B0819547A5E00203B35 /* Frameworks */ = {
			isa = PBXGroup;
			children = (
				4D349B0919547A5E00203B35 /* Foundation.framework */,
				4D349B0B19547A5E00203B35 /* CoreGraphics.framework */,
				4D349B0D19547A5E00203B35 /* UIKit.framework */,
				4D349B2819547A5E00203B35 /* XCTest.framework */,
			);
			name = Frameworks;
			sourceTree = "<group>";
		};
		4D349B0F19547A5E00203B35 /* Astronomical Data */ = {
			isa = PBXGroup;
			children = (
				4D349B1819547A5E00203B35 /* DBJAppDelegate.h */,
				4D349B1919547A5E00203B35 /* DBJAppDelegate.m */,
				4D349B1B19547A5E00203B35 /* Main.storyboard */,
				4D349B1E19547A5E00203B35 /* DBJViewController.h */,
				4D349B1F19547A5E00203B35 /* DBJViewController.m */,
				4D349B2119547A5E00203B35 /* Images.xcassets */,
				4D349B1019547A5E00203B35 /* Supporting Files */,
			);
			path = "Astronomical Data";
			sourceTree = "<group>";
		};
		4D349B1019547A5E00203B35 /* Supporting Files */ = {
			isa = PBXGroup;
			children = (
				4D349B1119547A5E00203B35 /* Astronomical Data-Info.plist */,
				4D349B1219547A5E00203B35 /* InfoPlist.strings */,
				4D349B1519547A5E00203B35 /* main.m */,
				4D349B1719547A5E00203B35 /* Astronomical Data-Prefix.pch */,
			);
			name = "Supporting Files";
			sourceTree = "<group>";
		};
		4D349B2E19547A5E00203B35 /* Astronomical DataTests */ = {
			isa = PBXGroup;
			children = (
				4D349B3419547A5E00203B35 /* Astronomical_DataTests.m */,
				4D349B2F19547A5E00203B35 /* Supporting Files */,
			);
			path = "Astronomical DataTests";
			sourceTree = "<group>";
		};
		4D349B2F19547A5E00203B35 /* Supporting Files */ = {
			isa = PBXGroup;
			children = (
				4D349B3019547A5E00203B35 /* Astronomical DataTests-Info.plist */,
				4D349B3119547A5E00203B35 /* InfoPlist.strings */,
			);
			name = "Supporting Files";
			sourceTree = "<group>";
		};
/* End PBXGroup section */

/* Begin PBXNativeTarget section */
		4D349B0519547A5E00203B35 /* Astronomical Data */ = {
			isa = PBXNativeTarget;
			buildConfigurationList = 4D349B3819547A5E00203B35 /* Build configuration list for PBXNativeTarget "Astronomical Data" */;
			buildPhases = (
				4D349B0219547A5E00203B35 /* Sources */,
				4D349B0319547A5E00203B35 /* Frameworks */,
				4D349B0419547A5E00203B35 /* Resources */,
			);
			buildRules = (
			);
			dependencies = (
			);
			name = "Astronomical Data";
			productName = "Astronomical Data";
			productReference = 4D349B0619547A5E00203B35 /* Astronomical Data.app */;
			productType = "com.apple.product-type.application";
		};
		4D349B2619547A5E00203B35 /* Astronomical DataTests */ = {
			isa = PBXNativeTarget;
			buildConfigurationList = 4D349B3B19547A5E00203B35 /* Build configuration list for PBXNativeTarget "Astronomical DataTests" */;
			buildPhases = (
				4D349B2319547A5E00203B35 /* Sources */,
				4D349B2419547A5E00203B35 /* Frameworks */,
				4D349B2519547A5E00203B35 /* Resources */,
			);
			buildRules = (
			);
			dependencies = (
				4D349B2D19547A5E00203B35 /* PBXTargetDependency */,
			);
			name = "Astronomical DataTests";
			productName = "Astronomical DataTests";
			productReference = 4D349B2719547A5E00203B35 /* Astronomical DataTests.xctest */;
			productType = "com.apple.product-type.bundle.unit-test";
		};
/* End PBXNativeTarget section */

/* Begin PBXProject section */
		4D349AFE19547A5E00203B35 /* Project object */ = {
			isa = PBXProject;
			attributes = {
				CLASSPREFIX = DBJ;
				LastUpgradeCheck = 0510;
				ORGANIZATIONNAME = dbjAppIndustries;
				TargetAttributes = {
					4D349B2619547A5E00203B35 = {
						TestTargetID = 4D349B0519547A5E00203B35;
					};
				};
			};
			buildConfigurationList = 4D349B0119547A5E00203B35 /* Build configuration list for PBXProject "Astronomical Data" */;
			compatibilityVersion = "Xcode 3.2";
			developmentRegion = English;
			hasScannedForEncodings = 0;
			knownRegions = (
				en,
				Base,
			);
			mainGroup = 4D349AFD19547A5E00203B35;
			productRefGroup = 4D349B0719547A5E00203B35 /* Products */;
			projectDirPath = "";
			projectRoot = "";
			targets = (
				4D349B0519547A5E00203B35 /* Astronomical Data */,
				4D349B2619547A5E00203B35 /* Astronomical DataTests */,
			);
		};
/* End PBXProject section */

/* Begin PBXResourcesBuildPhase section */
		4D349B0419547A5E00203B35 /* Resources */ = {
			isa = PBXResourcesBuildPhase;
			buildActionMask = 2147483647;
			files = (
				4D349B2219547A5E00203B35 /* Images.xcassets in Resources */,
				4D349B1419547A5E00203B35 /* InfoPlist.strings in Resources */,
				4D349B1D19547A5E00203B35 /* Main.storyboard in Resources */,
			);
			runOnlyForDeploymentPostprocessing = 0;
		};
		4D349B2519547A5E00203B35 /* Resources */ = {
			isa = PBXResourcesBuildPhase;
			buildActionMask = 2147483647;
			files = (
				4D349B3319547A5E00203B35 /* InfoPlist.strings in Resources */,
			);
			runOnlyForDeploymentPostprocessing = 0;
		};
/* End PBXResourcesBuildPhase section */

/* Begin PBXSourcesBuildPhase section */
		4D349B0219547A5E00203B35 /* Sources */ = {
			isa = PBXSourcesBuildPhase;
			buildActionMask = 2147483647;
			files = (
				4D349B1619547A5E00203B35 /* main.m in Sources */,
				4D349B2019547A5E00203B35 /* DBJViewController.m in Sources */,
				4D349B1A19547A5E00203B35 /* DBJAppDelegate.m in Sources */,
			);
			runOnlyForDeploymentPostprocessing = 0;
		};
		4D349B2319547A5E00203B35 /* Sources */ = {
			isa = PBXSourcesBuildPhase;
			buildActionMask = 2147483647;
			files = (
				4D349B3519547A5E00203B35 /* Astronomical_DataTests.m in Sources */,
			);
			runOnlyForDeploymentPostprocessing = 0;
		};
/* End PBXSourcesBuildPhase section */

/* Begin PBXTargetDependency section */
		4D349B2D19547A5E00203B35 /* PBXTargetDependency */ = {
			isa = PBXTargetDependency;
			target = 4D349B0519547A5E00203B35 /* Astronomical Data */;
			targetProxy = 4D349B2C19547A5E00203B35 /* PBXContainerItemProxy */;
		};
/* End PBXTargetDependency section */

/* Begin PBXVariantGroup section */
		4D349B1219547A5E00203B35 /* InfoPlist.strings */ = {
			isa = PBXVariantGroup;
			children = (
				4D349B1319547A5E00203B35 /* en */,
			);
			name = InfoPlist.strings;
			sourceTree = "<group>";
		};
		4D349B1B19547A5E00203B35 /* Main.storyboard */ = {
			isa = PBXVariantGroup;
			children = (
				4D349B1C19547A5E00203B35 /* Base */,
			);
			name = Main.storyboard;
			sourceTree = "<group>";
		};
		4D349B3119547A5E00203B35 /* InfoPlist.strings */ = {
			isa = PBXVariantGroup;
			children = (
				4D349B3219547A5E00203B35 /* en */,
			);
			name = InfoPlist.strings;
			sourceTree = "<group>";
		};
/* End PBXVariantGroup section */

/* Begin XCBuildConfiguration section */
		4D349B3619547A5E00203B35 /* Debug */ = {
			isa = XCBuildConfiguration;
			buildSettings = {
				ALWAYS_SEARCH_USER_PATHS = NO;
				CLANG_CXX_LANGUAGE_STANDARD = "gnu++0x";
				CLANG_CXX_LIBRARY = "libc++";
				CLANG_ENABLE_MODULES = YES;
				CLANG_ENABLE_OBJC_ARC = YES;
				CLANG_WARN_BOOL_CONVERSION = YES;
				CLANG_WARN_CONSTANT_CONVERSION = YES;
				CLANG_WARN_DIRECT_OBJC_ISA_USAGE = YES_ERROR;
				CLANG_WARN_EMPTY_BODY = YES;
				CLANG_WARN_ENUM_CONVERSION = YES;
				CLANG_WARN_INT_CONVERSION = YES;
				CLANG_WARN_OBJC_ROOT_CLASS = YES_ERROR;
				CLANG_WARN__DUPLICATE_METHOD_MATCH = YES;
				"CODE_SIGN_IDENTITY[sdk=iphoneos*]" = "iPhone Developer";
				COPY_PHASE_STRIP = NO;
				GCC_C_LANGUAGE_STANDARD = gnu99;
				GCC_DYNAMIC_NO_PIC = NO;
				GCC_OPTIMIZATION_LEVEL = 0;
				GCC_PREPROCESSOR_DEFINITIONS = (
					"DEBUG=1",
					"$(inherited)",
				);
				GCC_SYMBOLS_PRIVATE_EXTERN = NO;
				GCC_WARN_64_TO_32_BIT_CONVERSION = YES;
				GCC_WARN_ABOUT_RETURN_TYPE = YES_ERROR;
				GCC_WARN_UNDECLARED_SELECTOR = YES;
				GCC_WARN_UNINITIALIZED_AUTOS = YES_AGGRESSIVE;
				GCC_WARN_UNUSED_FUNCTION = YES;
				GCC_WARN_UNUSED_VARIABLE = YES;
				IPHONEOS_DEPLOYMENT_TARGET = 7.1;
				ONLY_ACTIVE_ARCH = YES;
				SDKROOT = iphoneos;
			};
			name = Debug;
		};
		4D349B3719547A5E00203B35 /* Release */ = {
			isa = XCBuildConfiguration;
			buildSettings = {
				ALWAYS_SEARCH_USER_PATHS = NO;
				CLANG_CXX_LANGUAGE_STANDARD = "gnu++0x";
				CLANG_CXX_LIBRARY = "libc++";
				CLANG_ENABLE_MODULES = YES;
				CLANG_ENABLE_OBJC_ARC = YES;
				CLANG_WARN_BOOL_CONVERSION = YES;
				CLANG_WARN_CONSTANT_CONVERSION = YES;
				CLANG_WARN_DIRECT_OBJC_ISA_USAGE = YES_ERROR;
				CLANG_WARN_EMPTY_BODY = YES;
				CLANG_WARN_ENUM_CONVERSION = YES;
				CLANG_WARN_INT_CONVERSION = YES;
				CLANG_WARN_OBJC_ROOT_CLASS = YES_ERROR;
				CLANG_WARN__DUPLICATE_METHOD_MATCH = YES;
				"CODE_SIGN_IDENTITY[sdk=iphoneos*]" = "iPhone Developer";
				COPY_PHASE_STRIP = YES;
				ENABLE_NS_ASSERTIONS = NO;
				GCC_C_LANGUAGE_STANDARD = gnu99;
				GCC_WARN_64_TO_32_BIT_CONVERSION = YES;
				GCC_WARN_ABOUT_RETURN_TYPE = YES_ERROR;
				GCC_WARN_UNDECLARED_SELECTOR = YES;
				GCC_WARN_UNINITIALIZED_AUTOS = YES_AGGRESSIVE;
				GCC_WARN_UNUSED_FUNCTION = YES;
				GCC_WARN_UNUSED_VARIABLE = YES;
				IPHONEOS_DEPLOYMENT_TARGET = 7.1;
				SDKROOT = iphoneos;
				VALIDATE_PRODUCT = YES;
			};
			name = Release;
		};
		4D349B3919547A5E00203B35 /* Debug */ = {
			isa = XCBuildConfiguration;
			buildSettings = {
				ASSETCATALOG_COMPILER_APPICON_NAME = AppIcon;
				ASSETCATALOG_COMPILER_LAUNCHIMAGE_NAME = LaunchImage;
				GCC_PRECOMPILE_PREFIX_HEADER = YES;
				GCC_PREFIX_HEADER = "Astronomical Data/Astronomical Data-Prefix.pch";
				INFOPLIST_FILE = "Astronomical Data/Astronomical Data-Info.plist";
				PRODUCT_NAME = "$(TARGET_NAME)";
				WRAPPER_EXTENSION = app;
			};
			name = Debug;
		};
		4D349B3A19547A5E00203B35 /* Release */ = {
			isa = XCBuildConfiguration;
			buildSettings = {
				ASSETCATALOG_COMPILER_APPICON_NAME = AppIcon;
				ASSETCATALOG_COMPILER_LAUNCHIMAGE_NAME = LaunchImage;
				GCC_PRECOMPILE_PREFIX_HEADER = YES;
				GCC_PREFIX_HEADER = "Astronomical Data/Astronomical Data-Prefix.pch";
				INFOPLIST_FILE = "Astronomical Data/Astronomical Data-Info.plist";
				PRODUCT_NAME = "$(TARGET_NAME)";
				WRAPPER_EXTENSION = app;
			};
			name = Release;
		};
		4D349B3C19547A5E00203B35 /* Debug */ = {
			isa = XCBuildConfiguration;
			buildSettings = {
				BUNDLE_LOADER = "$(BUILT_PRODUCTS_DIR)/Astronomical Data.app/Astronomical Data";
				FRAMEWORK_SEARCH_PATHS = (
					"$(SDKROOT)/Developer/Library/Frameworks",
					"$(inherited)",
					"$(DEVELOPER_FRAMEWORKS_DIR)",
				);
				GCC_PRECOMPILE_PREFIX_HEADER = YES;
				GCC_PREFIX_HEADER = "Astronomical Data/Astronomical Data-Prefix.pch";
				GCC_PREPROCESSOR_DEFINITIONS = (
					"DEBUG=1",
					"$(inherited)",
				);
				INFOPLIST_FILE = "Astronomical DataTests/Astronomical DataTests-Info.plist";
				PRODUCT_NAME = "$(TARGET_NAME)";
				TEST_HOST = "$(BUNDLE_LOADER)";
				WRAPPER_EXTENSION = xctest;
			};
			name = Debug;
		};
		4D349B3D19547A5E00203B35 /* Release */ = {
			isa = XCBuildConfiguration;
			buildSettings = {
				BUNDLE_LOADER = "$(BUILT_PRODUCTS_DIR)/Astronomical Data.app/Astronomical Data";
				FRAMEWORK_SEARCH_PATHS = (
					"$(SDKROOT)/Developer/Library/Frameworks",
					"$(inherited)",
					"$(DEVELOPER_FRAMEWORKS_DIR)",
				);
				GCC_PRECOMPILE_PREFIX_HEADER = YES;
				GCC_PREFIX_HEADER = "Astronomical Data/Astronomical Data-Prefix.pch";
				INFOPLIST_FILE = "Astronomical DataTests/Astronomical DataTests-Info.plist";
				PRODUCT_NAME = "$(TARGET_NAME)";
				TEST_HOST = "$(BUNDLE_LOADER)";
				WRAPPER_EXTENSION = xctest;
			};
			name = Release;
		};
/* End XCBuildConfiguration section */

/* Begin XCConfigurationList section */
		4D349B0119547A5E00203B35 /* Build configuration list for PBXProject "Astronomical Data" */ = {
			isa = XCConfigurationList;
			buildConfigurations = (
				4D349B3619547A5E00203B35 /* Debug */,
				4D349B3719547A5E00203B35 /* Release */,
			);
			defaultConfigurationIsVisible = 0;
			defaultConfigurationName = Release;
		};
		4D349B3819547A5E00203B35 /* Build configuration list for PBXNativeTarget "Astronomical Data" */ = {
			isa = XCConfigurationList;
			buildConfigurations = (
				4D349B3919547A5E00203B35 /* Debug */,
				4D349B3A19547A5E00203B35 /* Release */,
			);
			defaultConfigurationIsVisible = 0;
		};
		4D349B3B19547A5E00203B35 /* Build configuration list for PBXNativeTarget "Astronomical DataTests" */ = {
			isa = XCConfigurationList;
			buildConfigurations = (
				4D349B3C19547A5E00203B35 /* Debug */,
				4D349B3D19547A5E00203B35 /* Release */,
			);
			defaultConfigurationIsVisible = 0;
		};
/* End XCConfigurationList section */
	};
	rootObject = 4D349AFE19547A5E00203B35 /* Project object */;
}
